
Microsoft Visual Studio Solution File, Format Version 12.00
# Visual Studio 15
VisualStudioVersion = 15.0.27703.2035
MinimumVisualStudioVersion = 10.0.40219.1
Project("{8BC9CEB8-8B4A-11D0-8D11-00A0C91BC942}") = "Core", "Core\Core.vcxproj", "{324374C0-4E44-49D9-91C7-8803B8C111C0}"
EndProject
Project("{8BC9CEB8-8B4A-11D0-8D11-00A0C91BC942}") = "GameTest", "Game\Game.vcxproj", "{3B4F3022-142B-4BF8-905D-374EE63F535A}"
EndProject
Project("{8BC9CEB8-8B4A-11D0-8D11-00A0C91BC942}") = "Tests", "MathTest\MathTest.vcxproj", "{5614777D-AF1E-4756-BCBC-C948F300D875}"
EndProject
Project("{8BC9CEB8-8B4A-11D0-8D11-00A0C91BC942}") = "Scene", "Scene\Scene.vcxproj", "{906BA074-21F0-4AAA-AF59-6DE1E9ABCA02}"
EndProject
Project("{8BC9CEB8-8B4A-11D0-8D11-00A0C91BC942}") = "Render", "Render\Render.vcxproj", "{F230BDBE-21B1-43A1-BF32-02951677935A}"
EndProject
Project("{8BC9CEB8-8B4A-11D0-8D11-00A0C91BC942}") = "System", "System\System.vcxproj", "{FE1CED30-CA83-4035-8CFB-00EDEE3C3F12}"
EndProject
Project("{2150E333-8FDC-42A3-9474-1A3956D46DE8}") = "Solution Items", "Solution Items", "{8F0BC455-2DFC-4F54-9269-82813140FA03}"
	ProjectSection(SolutionItems) = preProject
		TODO.txt = TODO.txt
	EndProjectSection
EndProject
Project("{8BC9CEB8-8B4A-11D0-8D11-00A0C91BC942}") = "Loader", "Loader\Loader.vcxproj", "{DF83A8DC-2A66-4CAA-80BC-FF9B435071A6}"
EndProject
Project("{8BC9CEB8-8B4A-11D0-8D11-00A0C91BC942}") = "Resource", "Resource\Resource.vcxproj", "{0C7A13F5-2945-4956-8277-21A950B7C8FC}"
EndProject
Global
	GlobalSection(SolutionConfigurationPlatforms) = preSolution
		Debug|x64 = Debug|x64
		Debug|x86 = Debug|x86
		Release|x64 = Release|x64
		Release|x86 = Release|x86
	EndGlobalSection
	GlobalSection(ProjectConfigurationPlatforms) = postSolution
		{324374C0-4E44-49D9-91C7-8803B8C111C0}.Debug|x64.ActiveCfg = Debug|x64
		{324374C0-4E44-49D9-91C7-8803B8C111C0}.Debug|x64.Build.0 = Debug|x64
		{324374C0-4E44-49D9-91C7-8803B8C111C0}.Debug|x86.ActiveCfg = Debug|x64
		{324374C0-4E44-49D9-91C7-8803B8C111C0}.Release|x64.ActiveCfg = Release|x64
		{324374C0-4E44-49D9-91C7-8803B8C111C0}.Release|x64.Build.0 = Release|x64
		{324374C0-4E44-49D9-91C7-8803B8C111C0}.Release|x86.ActiveCfg = Release|x64
		{3B4F3022-142B-4BF8-905D-374EE63F535A}.Debug|x64.ActiveCfg = Debug|x64
		{3B4F3022-142B-4BF8-905D-374EE63F535A}.Debug|x64.Build.0 = Debug|x64
		{3B4F3022-142B-4BF8-905D-374EE63F535A}.Debug|x86.ActiveCfg = Debug|x64
		{3B4F3022-142B-4BF8-905D-374EE63F535A}.Release|x64.ActiveCfg = Release|x64
		{3B4F3022-142B-4BF8-905D-374EE63F535A}.Release|x64.Build.0 = Release|x64
		{3B4F3022-142B-4BF8-905D-374EE63F535A}.Release|x86.ActiveCfg = Release|x64
		{5614777D-AF1E-4756-BCBC-C948F300D875}.Debug|x64.ActiveCfg = Debug|x64
		{5614777D-AF1E-4756-BCBC-C948F300D875}.Debug|x64.Build.0 = Debug|x64
		{5614777D-AF1E-4756-BCBC-C948F300D875}.Debug|x86.ActiveCfg = Debug|x64
		{5614777D-AF1E-4756-BCBC-C948F300D875}.Release|x64.ActiveCfg = Release|x64
		{5614777D-AF1E-4756-BCBC-C948F300D875}.Release|x64.Build.0 = Release|x64
		{5614777D-AF1E-4756-BCBC-C948F300D875}.Release|x86.ActiveCfg = Release|x64
		{906BA074-21F0-4AAA-AF59-6DE1E9ABCA02}.Debug|x64.ActiveCfg = Debug|x64
		{906BA074-21F0-4AAA-AF59-6DE1E9ABCA02}.Debug|x64.Build.0 = Debug|x64
		{906BA074-21F0-4AAA-AF59-6DE1E9ABCA02}.Debug|x86.ActiveCfg = Debug|x64
		{906BA074-21F0-4AAA-AF59-6DE1E9ABCA02}.Release|x64.ActiveCfg = Release|x64
		{906BA074-21F0-4AAA-AF59-6DE1E9ABCA02}.Release|x64.Build.0 = Release|x64
		{906BA074-21F0-4AAA-AF59-6DE1E9ABCA02}.Release|x86.ActiveCfg = Release|x64
		{F230BDBE-21B1-43A1-BF32-02951677935A}.Debug|x64.ActiveCfg = Debug|x64
		{F230BDBE-21B1-43A1-BF32-02951677935A}.Debug|x64.Build.0 = Debug|x64
		{F230BDBE-21B1-43A1-BF32-02951677935A}.Debug|x86.ActiveCfg = Debug|x64
		{F230BDBE-21B1-43A1-BF32-02951677935A}.Release|x64.ActiveCfg = Release|x64
		{F230BDBE-21B1-43A1-BF32-02951677935A}.Release|x64.Build.0 = Release|x64
		{F230BDBE-21B1-43A1-BF32-02951677935A}.Release|x86.ActiveCfg = Release|x64
		{FE1CED30-CA83-4035-8CFB-00EDEE3C3F12}.Debug|x64.ActiveCfg = Debug|x64
		{FE1CED30-CA83-4035-8CFB-00EDEE3C3F12}.Debug|x64.Build.0 = Debug|x64
		{FE1CED30-CA83-4035-8CFB-00EDEE3C3F12}.Debug|x86.ActiveCfg = Debug|x64
		{FE1CED30-CA83-4035-8CFB-00EDEE3C3F12}.Release|x64.ActiveCfg = Release|x64
		{FE1CED30-CA83-4035-8CFB-00EDEE3C3F12}.Release|x64.Build.0 = Release|x64
		{FE1CED30-CA83-4035-8CFB-00EDEE3C3F12}.Release|x86.ActiveCfg = Release|x64
		{DF83A8DC-2A66-4CAA-80BC-FF9B435071A6}.Debug|x64.ActiveCfg = Debug|x64
		{DF83A8DC-2A66-4CAA-80BC-FF9B435071A6}.Debug|x64.Build.0 = Debug|x64
		{DF83A8DC-2A66-4CAA-80BC-FF9B435071A6}.Debug|x86.ActiveCfg = Debug|x64
		{DF83A8DC-2A66-4CAA-80BC-FF9B435071A6}.Release|x64.ActiveCfg = Release|x64
		{DF83A8DC-2A66-4CAA-80BC-FF9B435071A6}.Release|x64.Build.0 = Release|x64
		{DF83A8DC-2A66-4CAA-80BC-FF9B435071A6}.Release|x86.ActiveCfg = Release|x64
		{0C7A13F5-2945-4956-8277-21A950B7C8FC}.Debug|x64.ActiveCfg = Debug|x64
		{0C7A13F5-2945-4956-8277-21A950B7C8FC}.Debug|x64.Build.0 = Debug|x64
		{0C7A13F5-2945-4956-8277-21A950B7C8FC}.Debug|x86.ActiveCfg = Debug|x64
		{0C7A13F5-2945-4956-8277-21A950B7C8FC}.Release|x64.ActiveCfg = Release|x64
		{0C7A13F5-2945-4956-8277-21A950B7C8FC}.Release|x64.Build.0 = Release|x64
		{0C7A13F5-2945-4956-8277-21A950B7C8FC}.Release|x86.ActiveCfg = Release|x64
	EndGlobalSection
	GlobalSection(SolutionProperties) = preSolution
		HideSolutionNode = FALSE
	EndGlobalSection
	GlobalSection(ExtensibilityGlobals) = postSolution
		SolutionGuid = {D67DB228-898A-4720-B486-51E858A0E110}
	EndGlobalSection
	GlobalSection(Performance) = preSolution
		HasPerformanceSessions = true
	EndGlobalSection
EndGlobal
