<?xml version="1.0" encoding="utf-8"?>
<Project ToolsVersion="4.0" xmlns="http://schemas.microsoft.com/developer/msbuild/2003">
  <ItemGroup>
    <Filter Include="Components">
      <UniqueIdentifier>{2810b301-b756-467c-9e52-d478686e445b}</UniqueIdentifier>
    </Filter>
    <Filter Include="VK">
      <UniqueIdentifier>{64915bce-0160-4d6a-9778-7b9d2fd86261}</UniqueIdentifier>
    </Filter>
    <Filter Include="VK\Classes">
      <UniqueIdentifier>{04fa6ef8-ffcd-4b57-aa20-fac51e41749d}</UniqueIdentifier>
    </Filter>
  </ItemGroup>
  <ItemGroup>
    <ClInclude Include="..\Render.h" />
    <ClInclude Include="RenderComponent.h">
      <Filter>Components</Filter>
    </ClInclude>
    <ClInclude Include="VK\RenderManagerVK.h">
      <Filter>VK</Filter>
    </ClInclude>
    <ClInclude Include="VK\IncVulkan.h">
      <Filter>VK</Filter>
    </ClInclude>
    <ClInclude Include="RenderManager.h" />
  </ItemGroup>
  <ItemGroup>
    <ClCompile Include="RenderComponent.cpp">
      <Filter>Components</Filter>
    </ClCompile>
    <ClCompile Include="VK\RenderManagerVK.cpp">
      <Filter>VK</Filter>
    </ClCompile>
    <ClCompile Include="VK\IncVulkan.cpp">
      <Filter>VK</Filter>
    </ClCompile>
    <ClCompile Include="RenderManager.cpp" />
  </ItemGroup>
</Project>