<?xml version="1.0" encoding="utf-8"?>
<Project ToolsVersion="4.0" xmlns="http://schemas.microsoft.com/developer/msbuild/2003">
  <ItemGroup>
    <Filter Include="Components">
      <UniqueIdentifier>{2810b301-b756-467c-9e52-d478686e445b}</UniqueIdentifier>
    </Filter>
    <Filter Include="VK">
      <UniqueIdentifier>{64915bce-0160-4d6a-9778-7b9d2fd86261}</UniqueIdentifier>
    </Filter>
    <Filter Include="VK\Classes">
      <UniqueIdentifier>{04fa6ef8-ffcd-4b57-aa20-fac51e41749d}</UniqueIdentifier>
    </Filter>
  </ItemGroup>
  <ItemGroup>
    <ClInclude Include="..\Render.h" />
    <ClInclude Include="RenderComponent.h">
      <Filter>Components</Filter>
    </ClInclude>
    <ClInclude Include="VK\IncVulkan.h">
      <Filter>VK</Filter>
    </ClInclude>
    <ClInclude Include="RenderManager.h" />
    <ClInclude Include="VK\SimpleRendererVK.h">
      <Filter>VK</Filter>
    </ClInclude>
    <ClInclude Include="VK\InstanceVK.h">
      <Filter>VK\Classes</Filter>
    </ClInclude>
    <ClInclude Include="VK\DeviceVK.h">
      <Filter>VK\Classes</Filter>
    </ClInclude>
    <ClInclude Include="VK\SurfaceVK.h">
      <Filter>VK\Classes</Filter>
    </ClInclude>
    <ClInclude Include="VK\SwapChainVK.h">
      <Filter>VK\Classes</Filter>
    </ClInclude>
    <ClInclude Include="VK\CommandPoolVK.h">
      <Filter>VK\Classes</Filter>
    </ClInclude>
    <ClInclude Include="VK\CommandBuffersVK.h">
      <Filter>VK\Classes</Filter>
    </ClInclude>
    <ClInclude Include="VK\FenceVK.h">
      <Filter>VK\Classes</Filter>
    </ClInclude>
    <ClInclude Include="VK\SemaphoreVK.h">
      <Filter>VK\Classes</Filter>
    </ClInclude>
    <ClInclude Include="VK\RenderPassVK.h">
      <Filter>VK\Classes</Filter>
    </ClInclude>
    <ClInclude Include="VK\FrameBufferVK.h">
      <Filter>VK\Classes</Filter>
    </ClInclude>
    <ClInclude Include="VK\ImageViewVK.h">
      <Filter>VK\Classes</Filter>
    </ClInclude>
    <ClInclude Include="VK\HelperVK.h">
      <Filter>VK\Classes</Filter>
    </ClInclude>
    <ClInclude Include="VK\AllocatorVK.h">
      <Filter>VK\Classes</Filter>
    </ClInclude>
    <ClInclude Include="VK\ImageVK.h">
      <Filter>VK\Classes</Filter>
    </ClInclude>
    <ClInclude Include="VK\ShaderVK.h">
      <Filter>VK\Classes</Filter>
    </ClInclude>
    <ClInclude Include="VK\PipelineVK.h">
      <Filter>VK\Classes</Filter>
    </ClInclude>
    <ClInclude Include="VK\PipelineLayoutVK.h">
      <Filter>VK\Classes</Filter>
    </ClInclude>
    <ClInclude Include="VK\CmdVK.h">
      <Filter>VK\Classes</Filter>
    </ClInclude>
  </ItemGroup>
  <ItemGroup>
    <ClCompile Include="RenderComponent.cpp">
      <Filter>Components</Filter>
    </ClCompile>
    <ClCompile Include="VK\IncVulkan.cpp">
      <Filter>VK</Filter>
    </ClCompile>
    <ClCompile Include="RenderManager.cpp" />
    <ClCompile Include="VK\SimpleRendererVK.cpp">
      <Filter>VK</Filter>
    </ClCompile>
    <ClCompile Include="VK\InstanceVK.cpp">
      <Filter>VK\Classes</Filter>
    </ClCompile>
    <ClCompile Include="VK\DeviceVK.cpp">
      <Filter>VK\Classes</Filter>
    </ClCompile>
    <ClCompile Include="VK\SurfaceVK.cpp">
      <Filter>VK\Classes</Filter>
    </ClCompile>
    <ClCompile Include="VK\SwapChainVK.cpp">
      <Filter>VK\Classes</Filter>
    </ClCompile>
    <ClCompile Include="VK\CommandPoolVK.cpp">
      <Filter>VK\Classes</Filter>
    </ClCompile>
    <ClCompile Include="VK\CommandBuffersVK.cpp">
      <Filter>VK\Classes</Filter>
    </ClCompile>
    <ClCompile Include="VK\FenceVK.cpp">
      <Filter>VK\Classes</Filter>
    </ClCompile>
    <ClCompile Include="VK\SemaphoreVK.cpp">
      <Filter>VK\Classes</Filter>
    </ClCompile>
    <ClCompile Include="VK\RenderPassVK.cpp">
      <Filter>VK\Classes</Filter>
    </ClCompile>
    <ClCompile Include="VK\FrameBufferVK.cpp">
      <Filter>VK\Classes</Filter>
    </ClCompile>
    <ClCompile Include="VK\ImageViewVK.cpp">
      <Filter>VK\Classes</Filter>
    </ClCompile>
    <ClCompile Include="VK\HelperVK.cpp">
      <Filter>VK\Classes</Filter>
    </ClCompile>
    <ClCompile Include="VK\AllocatorVK.cpp">
      <Filter>VK\Classes</Filter>
    </ClCompile>
    <ClCompile Include="VK\ImageVK.cpp">
      <Filter>VK\Classes</Filter>
    </ClCompile>
    <ClCompile Include="VK\ShaderVK.cpp">
      <Filter>VK\Classes</Filter>
    </ClCompile>
    <ClCompile Include="VK\PipelineVK.cpp">
      <Filter>VK\Classes</Filter>
    </ClCompile>
    <ClCompile Include="VK\PipelineLayoutVK.cpp">
      <Filter>VK\Classes</Filter>
    </ClCompile>
    <ClCompile Include="VK\CmdVK.cpp">
      <Filter>VK\Classes</Filter>
    </ClCompile>
  </ItemGroup>
</Project>