<?xml version="1.0" encoding="utf-8"?>
<Project ToolsVersion="4.0" xmlns="http://schemas.microsoft.com/developer/msbuild/2003">
  <ItemGroup>
    <Filter Include="Components">
      <UniqueIdentifier>{21ed8c67-c7b1-4e49-bfdf-117a22b9464d}</UniqueIdentifier>
    </Filter>
    <Filter Include="Managers">
      <UniqueIdentifier>{0dc97b8b-0438-4ea5-8075-1697f0b5a22b}</UniqueIdentifier>
    </Filter>
    <Filter Include="Core">
      <UniqueIdentifier>{64906e26-4f7c-4c4a-b4a8-bd4875f6ebd6}</UniqueIdentifier>
    </Filter>
    <Filter Include="Math">
      <UniqueIdentifier>{795393c1-7757-4574-87bd-6b6c69dda6d0}</UniqueIdentifier>
    </Filter>
  </ItemGroup>
  <ItemGroup>
    <ClCompile Include="ComponentManager.cpp">
      <Filter>Managers</Filter>
    </ClCompile>
    <ClCompile Include="TypeManager.cpp">
      <Filter>Managers</Filter>
    </ClCompile>
    <ClCompile Include="Math.cpp">
      <Filter>Math</Filter>
    </ClCompile>
    <ClCompile Include="Quat.cpp">
      <Filter>Math</Filter>
    </ClCompile>
    <ClCompile Include="Mat3.cpp">
      <Filter>Math</Filter>
    </ClCompile>
    <ClCompile Include="Mat4.cpp">
      <Filter>Math</Filter>
    </ClCompile>
    <ClCompile Include="Vec3.cpp">
      <Filter>Math</Filter>
    </ClCompile>
    <ClCompile Include="Vec4.cpp">
      <Filter>Math</Filter>
    </ClCompile>
    <ClCompile Include="CoreMain.cpp">
      <Filter>Managers</Filter>
    </ClCompile>
    <ClCompile Include="LogManager.cpp">
      <Filter>Managers</Filter>
    </ClCompile>
    <ClCompile Include="Common.cpp">
      <Filter>Core</Filter>
    </ClCompile>
  </ItemGroup>
  <ItemGroup>
    <ClInclude Include="Component.h">
      <Filter>Components</Filter>
    </ClInclude>
    <ClInclude Include="ComponentManager.h">
      <Filter>Managers</Filter>
    </ClInclude>
    <ClInclude Include="ObjectManager.h">
      <Filter>Managers</Filter>
    </ClInclude>
    <ClInclude Include="..\Core.h" />
    <ClInclude Include="Platform.h">
      <Filter>Core</Filter>
    </ClInclude>
    <ClInclude Include="Common.h">
      <Filter>Core</Filter>
    </ClInclude>
    <ClInclude Include="Algorithm.h">
      <Filter>Core</Filter>
    </ClInclude>
    <ClInclude Include="TypeManager.h">
      <Filter>Managers</Filter>
    </ClInclude>
    <ClInclude Include="Reflection.h">
      <Filter>Core</Filter>
    </ClInclude>
    <ClInclude Include="Math.h">
      <Filter>Math</Filter>
    </ClInclude>
    <ClInclude Include="Vec3.h">
      <Filter>Math</Filter>
    </ClInclude>
    <ClInclude Include="Mat4.h">
      <Filter>Math</Filter>
    </ClInclude>
    <ClInclude Include="Quat.h">
      <Filter>Math</Filter>
    </ClInclude>
    <ClInclude Include="Mat3.h">
      <Filter>Math</Filter>
    </ClInclude>
    <ClInclude Include="Vec4.h">
      <Filter>Math</Filter>
    </ClInclude>
    <ClInclude Include="CoreMain.h">
      <Filter>Managers</Filter>
    </ClInclude>
    <ClInclude Include="LogManager.h">
      <Filter>Managers</Filter>
    </ClInclude>
  </ItemGroup>
</Project>