<?xml version="1.0" encoding="utf-8"?>
<Project ToolsVersion="4.0" xmlns="http://schemas.microsoft.com/developer/msbuild/2003">
  <ItemGroup>
    <Filter Include="3rdParty">
      <UniqueIdentifier>{5fea7ede-f252-46f0-b872-1574fde7ae07}</UniqueIdentifier>
    </Filter>
    <Filter Include="Resources">
      <UniqueIdentifier>{93995380-89BD-4b04-88EB-625FBE52EBFB}</UniqueIdentifier>
      <Extensions>h;hh;hpp;hxx;hm;inl;inc;ipp;xsd</Extensions>
    </Filter>
    <Filter Include="Managers">
      <UniqueIdentifier>{4FC737F1-C7A5-4376-A066-2A32D752A2FF}</UniqueIdentifier>
      <Extensions>cpp;c;cc;cxx;def;odl;idl;hpj;bat;asm;asmx</Extensions>
    </Filter>
    <Filter Include="Patches">
      <UniqueIdentifier>{08c76a1d-9160-493b-ac4a-812d86d707d1}</UniqueIdentifier>
    </Filter>
  </ItemGroup>
  <ItemGroup>
    <ClCompile Include="ResourceManager.cpp">
      <Filter>Managers</Filter>
    </ClCompile>
    <ClCompile Include="..\Resources.h" />
    <ClCompile Include="ShaderCompiler.cpp">
      <Filter>Managers</Filter>
    </ClCompile>
    <ClCompile Include="Texture2D.cpp">
      <Filter>Resources</Filter>
    </ClCompile>
    <ClCompile Include="Shader.cpp">
      <Filter>Resources</Filter>
    </ClCompile>
    <ClCompile Include="Resource.cpp">
      <Filter>Resources</Filter>
    </ClCompile>
    <ClCompile Include="ShaderCompilerGLSL2SpirVBin.cpp">
      <Filter>3rdParty</Filter>
    </ClCompile>
    <ClCompile Include="ShaderCompilerGLSL2SpirVLib.cpp">
      <Filter>3rdParty</Filter>
    </ClCompile>
    <ClCompile Include="PatchManager.cpp">
      <Filter>Patches</Filter>
    </ClCompile>
    <ClCompile Include="Patch.cpp">
      <Filter>Patches</Filter>
    </ClCompile>
    <ClCompile Include="TextureImporter.cpp">
      <Filter>Managers</Filter>
    </ClCompile>
    <ClCompile Include="ModelImporter.cpp">
      <Filter>Managers</Filter>
    </ClCompile>
    <ClCompile Include="Mesh.cpp">
      <Filter>Resources</Filter>
    </ClCompile>
  </ItemGroup>
  <ItemGroup>
    <ClInclude Include="ResourceManager.h">
      <Filter>Managers</Filter>
    </ClInclude>
    <ClInclude Include="ShaderCompiler.h">
      <Filter>Managers</Filter>
    </ClInclude>
    <ClInclude Include="Texture2D.h">
      <Filter>Resources</Filter>
    </ClInclude>
    <ClInclude Include="Shader.h">
      <Filter>Resources</Filter>
    </ClInclude>
    <ClInclude Include="Resource.h">
      <Filter>Resources</Filter>
    </ClInclude>
    <ClInclude Include="ShaderCompilerGLSL2SpirVBin.h">
      <Filter>3rdParty</Filter>
    </ClInclude>
    <ClInclude Include="ShaderCompilerGLSL2SpirVLib.h">
      <Filter>3rdParty</Filter>
    </ClInclude>
    <ClInclude Include="Patch.h">
      <Filter>Patches</Filter>
    </ClInclude>
    <ClInclude Include="PatchManager.h">
      <Filter>Patches</Filter>
    </ClInclude>
    <ClInclude Include="TextureImporter.h">
      <Filter>Managers</Filter>
    </ClInclude>
    <ClInclude Include="ModelImporter.h">
      <Filter>Managers</Filter>
    </ClInclude>
    <ClInclude Include="Material.h">
      <Filter>Resources</Filter>
    </ClInclude>
    <ClInclude Include="Mesh.h">
      <Filter>Resources</Filter>
    </ClInclude>
  </ItemGroup>
</Project>